
Microsoft Visual Studio Solution File, Format Version 12.00
# Visual Studio Version 17
VisualStudioVersion = 17.10.35122.118
MinimumVisualStudioVersion = 10.0.40219.1
Project("{FAE04EC0-301F-11D3-BF4B-00C04F79EFBC}") = "TP1", "TP1.csproj", "{D71E326F-8B08-4927-9893-89758DBEFECF}"
EndProject
Global
	GlobalSection(SolutionConfigurationPlatforms) = preSolution
		Debug|Any CPU = Debug|Any CPU
		Release|Any CPU = Release|Any CPU
	EndGlobalSection
	GlobalSection(ProjectConfigurationPlatforms) = postSolution
		{D71E326F-8B08-4927-9893-89758DBEFECF}.Debug|Any CPU.ActiveCfg = Debug|Any CPU
		{D71E326F-8B08-4927-9893-89758DBEFECF}.Debug|Any CPU.Build.0 = Debug|Any CPU
		{D71E326F-8B08-4927-9893-89758DBEFECF}.Release|Any CPU.ActiveCfg = Release|Any CPU
		{D71E326F-8B08-4927-9893-89758DBEFECF}.Release|Any CPU.Build.0 = Release|Any CPU
	EndGlobalSection
	GlobalSection(SolutionProperties) = preSolution
		HideSolutionNode = FALSE
	EndGlobalSection
	GlobalSection(ExtensibilityGlobals) = postSolution
		SolutionGuid = {E3BB0BE6-C6B5-4991-8A5F-A37761C87FDB}
	EndGlobalSection
EndGlobal
