
Microsoft Visual Studio Solution File, Format Version 12.00
# Visual Studio Version 17
VisualStudioVersion = 17.11.35312.102
MinimumVisualStudioVersion = 10.0.40219.1
Project("{FAE04EC0-301F-11D3-BF4B-00C04F79EFBC}") = "TP7_GRUPO_09", "TP7_GRUPO_09.csproj", "{491D1A77-C3D8-42CE-A5F3-276DF46D58D8}"
EndProject
Global
	GlobalSection(SolutionConfigurationPlatforms) = preSolution
		Debug|Any CPU = Debug|Any CPU
		Release|Any CPU = Release|Any CPU
	EndGlobalSection
	GlobalSection(ProjectConfigurationPlatforms) = postSolution
		{491D1A77-C3D8-42CE-A5F3-276DF46D58D8}.Debug|Any CPU.ActiveCfg = Debug|Any CPU
		{491D1A77-C3D8-42CE-A5F3-276DF46D58D8}.Debug|Any CPU.Build.0 = Debug|Any CPU
		{491D1A77-C3D8-42CE-A5F3-276DF46D58D8}.Release|Any CPU.ActiveCfg = Release|Any CPU
		{491D1A77-C3D8-42CE-A5F3-276DF46D58D8}.Release|Any CPU.Build.0 = Release|Any CPU
	EndGlobalSection
	GlobalSection(SolutionProperties) = preSolution
		HideSolutionNode = FALSE
	EndGlobalSection
	GlobalSection(ExtensibilityGlobals) = postSolution
		SolutionGuid = {05BBD03C-15B1-401A-A801-DCCF2445E5E0}
	EndGlobalSection
EndGlobal
