
Microsoft Visual Studio Solution File, Format Version 12.00
# Visual Studio Version 17
VisualStudioVersion = 17.11.35222.181
MinimumVisualStudioVersion = 10.0.40219.1
Project("{FAE04EC0-301F-11D3-BF4B-00C04F79EFBC}") = "TP4", "TP4.csproj", "{1DB39950-2398-4E6E-8CF6-E2407E15D07A}"
EndProject
Global
	GlobalSection(SolutionConfigurationPlatforms) = preSolution
		Debug|Any CPU = Debug|Any CPU
		Release|Any CPU = Release|Any CPU
	EndGlobalSection
	GlobalSection(ProjectConfigurationPlatforms) = postSolution
		{1DB39950-2398-4E6E-8CF6-E2407E15D07A}.Debug|Any CPU.ActiveCfg = Debug|Any CPU
		{1DB39950-2398-4E6E-8CF6-E2407E15D07A}.Debug|Any CPU.Build.0 = Debug|Any CPU
		{1DB39950-2398-4E6E-8CF6-E2407E15D07A}.Release|Any CPU.ActiveCfg = Release|Any CPU
		{1DB39950-2398-4E6E-8CF6-E2407E15D07A}.Release|Any CPU.Build.0 = Release|Any CPU
	EndGlobalSection
	GlobalSection(SolutionProperties) = preSolution
		HideSolutionNode = FALSE
	EndGlobalSection
	GlobalSection(ExtensibilityGlobals) = postSolution
		SolutionGuid = {D29F4510-094D-466E-BD8E-B2FA429FE5B7}
	EndGlobalSection
EndGlobal
